Microsoft Visual Studio Solution File, Format Version 12.00
# Visual Studio Version 17
VisualStudioVersion = 17.1.32210.238
MinimumVisualStudioVersion = 10.0.40219.1
Project("{2150E333-8FDC-42A3-9474-1A3956D46DE8}") = "Tests", "Tests", "{4FB793E6-5E89-46E1-A966-DA32DFDFBF11}"
EndProject
Project("{2150E333-8FDC-42A3-9474-1A3956D46DE8}") = "Solution Items", "Solution Items", "{A1C84111-335C-468C-9BC8-2E01D8928223}"
	ProjectSection(SolutionItems) = preProject
		.editorconfig = .editorconfig
	EndProjectSection
EndProject
Project("{2150E333-8FDC-42A3-9474-1A3956D46DE8}") = "SRCLib", "SRCLib", "{7FCA39FE-2C02-4DCC-9BBE-7A53718683F9}"
EndProject
Project("{9A19103F-16F7-4668-BE54-9A1E7A4F7556}") = "AI.DataPrepaire", "src\AI.DataPrepaire\AI.DataPrepaire.csproj", "{1374BA17-A844-46F2-8D4D-95A1E0261D5E}"
EndProject
Project("{9A19103F-16F7-4668-BE54-9A1E7A4F7556}") = "AI.ONNX", "src\AI.ONNX\AI.ONNX.csproj", "{7E52FA14-7F3A-4D10-A817-27C1E26A3AB0}"
EndProject
Project("{FAE04EC0-301F-11D3-BF4B-00C04F79EFBC}") = "AIChartCV", "src\AIChartCV\AIChartCV.csproj", "{2ED3435F-F827-41E2-82B4-ED781A16B156}"
EndProject
Project("{9A19103F-16F7-4668-BE54-9A1E7A4F7556}") = "AICrossPlatform", "src\AICrossPlatform\AICrossPlatform.csproj", "{467AEF8D-96AA-48AD-B06C-988A980BFB41}"
EndProject
Project("{9A19103F-16F7-4668-BE54-9A1E7A4F7556}") = "AI.Faiss", "src\AI.Faiss\AI.Faiss.csproj", "{79F59117-7BA2-44A6-9639-641061D668F3}"
EndProject
Project("{9A19103F-16F7-4668-BE54-9A1E7A4F7556}") = "AI.ExplainitALL", "src\AI.ExplainitALL\AI.ExplainitALL.csproj", "{9BFD3323-AA17-432B-8351-8BC2786F51C0}"
EndProject
Project("{9A19103F-16F7-4668-BE54-9A1E7A4F7556}") = "AI.DSP", "src\AI.DSP\AI.DSP.csproj", "{88021186-88AE-4460-97BB-BA6122C27126}"
EndProject
Project("{9A19103F-16F7-4668-BE54-9A1E7A4F7556}") = "AI.Logic", "src\AI.Logic\AI.Logic.csproj", "{8EB6C4B6-D1ED-4AB1-8C67-780B25E028A2}"
EndProject
Project("{9A19103F-16F7-4668-BE54-9A1E7A4F7556}") = "AI.Algorithms", "src\AI.Algorithms\AI.Algorithms.csproj", "{DE6DC7FC-6933-41B3-B530-28E5C4422431}"
EndProject
Project("{FAE04EC0-301F-11D3-BF4B-00C04F79EFBC}") = "SignalArray", "Tests\Signals\SignalArray\SignalArray.csproj", "{B0DE223B-7F76-4576-9AD3-8216146C2F5B}"
EndProject
Project("{FAE04EC0-301F-11D3-BF4B-00C04F79EFBC}") = "AI", "src\AI\AI.csproj", "{E9BCC118-0549-4194-BDAD-2C7CC2913F06}"
EndProject
Global
	GlobalSection(SolutionConfigurationPlatforms) = preSolution
		Debug|Any CPU = Debug|Any CPU
		Release|Any CPU = Release|Any CPU
	EndGlobalSection
	GlobalSection(ProjectConfigurationPlatforms) = postSolution
		{1374BA17-A844-46F2-8D4D-95A1E0261D5E}.Debug|Any CPU.ActiveCfg = Debug|Any CPU
		{1374BA17-A844-46F2-8D4D-95A1E0261D5E}.Debug|Any CPU.Build.0 = Debug|Any CPU
		{1374BA17-A844-46F2-8D4D-95A1E0261D5E}.Release|Any CPU.ActiveCfg = Release|Any CPU
		{1374BA17-A844-46F2-8D4D-95A1E0261D5E}.Release|Any CPU.Build.0 = Release|Any CPU
		{7E52FA14-7F3A-4D10-A817-27C1E26A3AB0}.Debug|Any CPU.ActiveCfg = Debug|Any CPU
		{7E52FA14-7F3A-4D10-A817-27C1E26A3AB0}.Debug|Any CPU.Build.0 = Debug|Any CPU
		{7E52FA14-7F3A-4D10-A817-27C1E26A3AB0}.Release|Any CPU.ActiveCfg = Release|Any CPU
		{7E52FA14-7F3A-4D10-A817-27C1E26A3AB0}.Release|Any CPU.Build.0 = Release|Any CPU
		{2ED3435F-F827-41E2-82B4-ED781A16B156}.Debug|Any CPU.ActiveCfg = Debug|Any CPU
		{2ED3435F-F827-41E2-82B4-ED781A16B156}.Debug|Any CPU.Build.0 = Debug|Any CPU
		{2ED3435F-F827-41E2-82B4-ED781A16B156}.Release|Any CPU.ActiveCfg = Release|Any CPU
		{2ED3435F-F827-41E2-82B4-ED781A16B156}.Release|Any CPU.Build.0 = Release|Any CPU
		{467AEF8D-96AA-48AD-B06C-988A980BFB41}.Debug|Any CPU.ActiveCfg = Release|Any CPU
		{467AEF8D-96AA-48AD-B06C-988A980BFB41}.Debug|Any CPU.Build.0 = Release|Any CPU
		{467AEF8D-96AA-48AD-B06C-988A980BFB41}.Release|Any CPU.ActiveCfg = Release|Any CPU
		{467AEF8D-96AA-48AD-B06C-988A980BFB41}.Release|Any CPU.Build.0 = Release|Any CPU
		{79F59117-7BA2-44A6-9639-641061D668F3}.Debug|Any CPU.ActiveCfg = Debug|Any CPU
		{79F59117-7BA2-44A6-9639-641061D668F3}.Debug|Any CPU.Build.0 = Debug|Any CPU
		{79F59117-7BA2-44A6-9639-641061D668F3}.Release|Any CPU.ActiveCfg = Release|Any CPU
		{79F59117-7BA2-44A6-9639-641061D668F3}.Release|Any CPU.Build.0 = Release|Any CPU
		{9BFD3323-AA17-432B-8351-8BC2786F51C0}.Debug|Any CPU.ActiveCfg = Debug|Any CPU
		{9BFD3323-AA17-432B-8351-8BC2786F51C0}.Debug|Any CPU.Build.0 = Debug|Any CPU
		{9BFD3323-AA17-432B-8351-8BC2786F51C0}.Release|Any CPU.ActiveCfg = Release|Any CPU
		{9BFD3323-AA17-432B-8351-8BC2786F51C0}.Release|Any CPU.Build.0 = Release|Any CPU
		{88021186-88AE-4460-97BB-BA6122C27126}.Debug|Any CPU.ActiveCfg = Debug|Any CPU
		{88021186-88AE-4460-97BB-BA6122C27126}.Debug|Any CPU.Build.0 = Debug|Any CPU
		{88021186-88AE-4460-97BB-BA6122C27126}.Release|Any CPU.ActiveCfg = Release|Any CPU
		{88021186-88AE-4460-97BB-BA6122C27126}.Release|Any CPU.Build.0 = Release|Any CPU
		{8EB6C4B6-D1ED-4AB1-8C67-780B25E028A2}.Debug|Any CPU.ActiveCfg = Debug|Any CPU
		{8EB6C4B6-D1ED-4AB1-8C67-780B25E028A2}.Debug|Any CPU.Build.0 = Debug|Any CPU
		{8EB6C4B6-D1ED-4AB1-8C67-780B25E028A2}.Release|Any CPU.ActiveCfg = Release|Any CPU
		{8EB6C4B6-D1ED-4AB1-8C67-780B25E028A2}.Release|Any CPU.Build.0 = Release|Any CPU
		{DE6DC7FC-6933-41B3-B530-28E5C4422431}.Debug|Any CPU.ActiveCfg = Debug|Any CPU
		{DE6DC7FC-6933-41B3-B530-28E5C4422431}.Debug|Any CPU.Build.0 = Debug|Any CPU
		{DE6DC7FC-6933-41B3-B530-28E5C4422431}.Release|Any CPU.ActiveCfg = Release|Any CPU
		{DE6DC7FC-6933-41B3-B530-28E5C4422431}.Release|Any CPU.Build.0 = Release|Any CPU
		{B0DE223B-7F76-4576-9AD3-8216146C2F5B}.Debug|Any CPU.ActiveCfg = Debug|Any CPU
		{B0DE223B-7F76-4576-9AD3-8216146C2F5B}.Debug|Any CPU.Build.0 = Debug|Any CPU
		{B0DE223B-7F76-4576-9AD3-8216146C2F5B}.Release|Any CPU.ActiveCfg = Release|Any CPU
		{B0DE223B-7F76-4576-9AD3-8216146C2F5B}.Release|Any CPU.Build.0 = Release|Any CPU
		{E9BCC118-0549-4194-BDAD-2C7CC2913F06}.Debug|Any CPU.ActiveCfg = Debug|Any CPU
		{E9BCC118-0549-4194-BDAD-2C7CC2913F06}.Debug|Any CPU.Build.0 = Debug|Any CPU
		{E9BCC118-0549-4194-BDAD-2C7CC2913F06}.Release|Any CPU.ActiveCfg = Release|Any CPU
		{E9BCC118-0549-4194-BDAD-2C7CC2913F06}.Release|Any CPU.Build.0 = Release|Any CPU
	EndGlobalSection
	GlobalSection(SolutionProperties) = preSolution
		HideSolutionNode = FALSE
	EndGlobalSection
	GlobalSection(NestedProjects) = preSolution
		{1374BA17-A844-46F2-8D4D-95A1E0261D5E} = {7FCA39FE-2C02-4DCC-9BBE-7A53718683F9}
		{7E52FA14-7F3A-4D10-A817-27C1E26A3AB0} = {7FCA39FE-2C02-4DCC-9BBE-7A53718683F9}
		{2ED3435F-F827-41E2-82B4-ED781A16B156} = {7FCA39FE-2C02-4DCC-9BBE-7A53718683F9}
		{467AEF8D-96AA-48AD-B06C-988A980BFB41} = {7FCA39FE-2C02-4DCC-9BBE-7A53718683F9}
		{79F59117-7BA2-44A6-9639-641061D668F3} = {7FCA39FE-2C02-4DCC-9BBE-7A53718683F9}
		{9BFD3323-AA17-432B-8351-8BC2786F51C0} = {7FCA39FE-2C02-4DCC-9BBE-7A53718683F9}
		{88021186-88AE-4460-97BB-BA6122C27126} = {7FCA39FE-2C02-4DCC-9BBE-7A53718683F9}
		{8EB6C4B6-D1ED-4AB1-8C67-780B25E028A2} = {7FCA39FE-2C02-4DCC-9BBE-7A53718683F9}
		{DE6DC7FC-6933-41B3-B530-28E5C4422431} = {7FCA39FE-2C02-4DCC-9BBE-7A53718683F9}
		{B0DE223B-7F76-4576-9AD3-8216146C2F5B} = {4FB793E6-5E89-46E1-A966-DA32DFDFBF11}
		{E9BCC118-0549-4194-BDAD-2C7CC2913F06} = {7FCA39FE-2C02-4DCC-9BBE-7A53718683F9}
	EndGlobalSection
	GlobalSection(ExtensibilityGlobals) = postSolution
		SolutionGuid = {195084AE-6B2F-490D-AB30-834665F7A953}
	EndGlobalSection
EndGlobal
