
Microsoft Visual Studio Solution File, Format Version 12.00
# Visual Studio Version 17
VisualStudioVersion = 17.1.32210.238
MinimumVisualStudioVersion = 10.0.40219.1
Project("{9A19103F-16F7-4668-BE54-9A1E7A4F7556}") = "AI", "AI\AI.csproj", "{A18E36A4-6D0A-44C9-84AB-4A26B4940E7B}"
EndProject
Project("{2150E333-8FDC-42A3-9474-1A3956D46DE8}") = "Tests", "Tests", "{4FB793E6-5E89-46E1-A966-DA32DFDFBF11}"
EndProject
Project("{FAE04EC0-301F-11D3-BF4B-00C04F79EFBC}") = "BackendsTest", "Tests\BackendsTest\BackendsTest.csproj", "{DC7BCD56-F408-498C-8E2B-4B10CFAA9BBF}"
EndProject
Project("{FAE04EC0-301F-11D3-BF4B-00C04F79EFBC}") = "MLTest", "Tests\MLTest\MLTest.csproj", "{4EBCB595-D56D-40C9-87F1-7167A32BA479}"
EndProject
Project("{FAE04EC0-301F-11D3-BF4B-00C04F79EFBC}") = "TestGUI", "Tests\TestGUI\TestGUI.csproj", "{F4C4F21A-8EAB-40F2-918F-C3D026C988C0}"
EndProject
Project("{FAE04EC0-301F-11D3-BF4B-00C04F79EFBC}") = "TestNNW", "Tests\TestNNW\TestNNW.csproj", "{B3C00735-4C22-4501-ACFE-FA07B846372C}"
EndProject
Project("{FAE04EC0-301F-11D3-BF4B-00C04F79EFBC}") = "TextGenTest", "Tests\TextGenTest\TextGenTest.csproj", "{84B720FB-A135-42D1-BFED-1222848D88D1}"
EndProject
Project("{FAE04EC0-301F-11D3-BF4B-00C04F79EFBC}") = "Fuzzy", "Tests\Fuzzy\Fuzzy.csproj", "{85B77B36-B6EB-483E-BA9C-BB720C5040AA}"
EndProject
Project("{2150E333-8FDC-42A3-9474-1A3956D46DE8}") = "AIParts", "AIParts", "{8C28E7DB-B99B-493E-8CD8-6525D280E187}"
EndProject
Project("{9A19103F-16F7-4668-BE54-9A1E7A4F7556}") = "AIStandard", "AIParts\AIStandard\AIStandard.csproj", "{66D175A8-3FB1-4891-917C-B9FA7ABFF80F}"
EndProject
Project("{FAE04EC0-301F-11D3-BF4B-00C04F79EFBC}") = "AIChartGraphics", "AIParts\AIChartGraphics\AIChartGraphics.csproj", "{2E0701C8-534C-4161-ADA1-AE36FCEA73F3}"
EndProject
Project("{FAE04EC0-301F-11D3-BF4B-00C04F79EFBC}") = "AI.ONNX", "AI.ONNX\AI.ONNX.csproj", "{C3639A7C-B30B-4302-8C30-9BADDF135E56}"
EndProject
Project("{FAE04EC0-301F-11D3-BF4B-00C04F79EFBC}") = "OnnxQ", "Tests\OnnxQ\OnnxQ.csproj", "{B54086B3-232E-4A48-8E51-FB416518AC9C}"
EndProject
Project("{FAE04EC0-301F-11D3-BF4B-00C04F79EFBC}") = "AI.DataPrepaire", "AI.DataPrepaire\AI.DataPrepaire.csproj", "{5A1B2855-7959-4E42-BE77-09A0100CD20A}"
EndProject
Global
	GlobalSection(SolutionConfigurationPlatforms) = preSolution
		Debug|Any CPU = Debug|Any CPU
		Release|Any CPU = Release|Any CPU
	EndGlobalSection
	GlobalSection(ProjectConfigurationPlatforms) = postSolution
		{A18E36A4-6D0A-44C9-84AB-4A26B4940E7B}.Debug|Any CPU.ActiveCfg = Debug|Any CPU
		{A18E36A4-6D0A-44C9-84AB-4A26B4940E7B}.Debug|Any CPU.Build.0 = Debug|Any CPU
		{A18E36A4-6D0A-44C9-84AB-4A26B4940E7B}.Release|Any CPU.ActiveCfg = Release|Any CPU
		{A18E36A4-6D0A-44C9-84AB-4A26B4940E7B}.Release|Any CPU.Build.0 = Release|Any CPU
		{DC7BCD56-F408-498C-8E2B-4B10CFAA9BBF}.Debug|Any CPU.ActiveCfg = Debug|Any CPU
		{DC7BCD56-F408-498C-8E2B-4B10CFAA9BBF}.Debug|Any CPU.Build.0 = Debug|Any CPU
		{DC7BCD56-F408-498C-8E2B-4B10CFAA9BBF}.Release|Any CPU.ActiveCfg = Release|Any CPU
		{DC7BCD56-F408-498C-8E2B-4B10CFAA9BBF}.Release|Any CPU.Build.0 = Release|Any CPU
		{4EBCB595-D56D-40C9-87F1-7167A32BA479}.Debug|Any CPU.ActiveCfg = Debug|Any CPU
		{4EBCB595-D56D-40C9-87F1-7167A32BA479}.Debug|Any CPU.Build.0 = Debug|Any CPU
		{4EBCB595-D56D-40C9-87F1-7167A32BA479}.Release|Any CPU.ActiveCfg = Release|Any CPU
		{4EBCB595-D56D-40C9-87F1-7167A32BA479}.Release|Any CPU.Build.0 = Release|Any CPU
		{F4C4F21A-8EAB-40F2-918F-C3D026C988C0}.Debug|Any CPU.ActiveCfg = Debug|Any CPU
		{F4C4F21A-8EAB-40F2-918F-C3D026C988C0}.Debug|Any CPU.Build.0 = Debug|Any CPU
		{F4C4F21A-8EAB-40F2-918F-C3D026C988C0}.Release|Any CPU.ActiveCfg = Release|Any CPU
		{F4C4F21A-8EAB-40F2-918F-C3D026C988C0}.Release|Any CPU.Build.0 = Release|Any CPU
		{B3C00735-4C22-4501-ACFE-FA07B846372C}.Debug|Any CPU.ActiveCfg = Debug|Any CPU
		{B3C00735-4C22-4501-ACFE-FA07B846372C}.Debug|Any CPU.Build.0 = Debug|Any CPU
		{B3C00735-4C22-4501-ACFE-FA07B846372C}.Release|Any CPU.ActiveCfg = Release|Any CPU
		{B3C00735-4C22-4501-ACFE-FA07B846372C}.Release|Any CPU.Build.0 = Release|Any CPU
		{84B720FB-A135-42D1-BFED-1222848D88D1}.Debug|Any CPU.ActiveCfg = Debug|Any CPU
		{84B720FB-A135-42D1-BFED-1222848D88D1}.Debug|Any CPU.Build.0 = Debug|Any CPU
		{84B720FB-A135-42D1-BFED-1222848D88D1}.Release|Any CPU.ActiveCfg = Release|Any CPU
		{84B720FB-A135-42D1-BFED-1222848D88D1}.Release|Any CPU.Build.0 = Release|Any CPU
		{85B77B36-B6EB-483E-BA9C-BB720C5040AA}.Debug|Any CPU.ActiveCfg = Debug|Any CPU
		{85B77B36-B6EB-483E-BA9C-BB720C5040AA}.Debug|Any CPU.Build.0 = Debug|Any CPU
		{85B77B36-B6EB-483E-BA9C-BB720C5040AA}.Release|Any CPU.ActiveCfg = Release|Any CPU
		{85B77B36-B6EB-483E-BA9C-BB720C5040AA}.Release|Any CPU.Build.0 = Release|Any CPU
		{66D175A8-3FB1-4891-917C-B9FA7ABFF80F}.Debug|Any CPU.ActiveCfg = Debug|Any CPU
		{66D175A8-3FB1-4891-917C-B9FA7ABFF80F}.Debug|Any CPU.Build.0 = Debug|Any CPU
		{66D175A8-3FB1-4891-917C-B9FA7ABFF80F}.Release|Any CPU.ActiveCfg = Release|Any CPU
		{66D175A8-3FB1-4891-917C-B9FA7ABFF80F}.Release|Any CPU.Build.0 = Release|Any CPU
		{2E0701C8-534C-4161-ADA1-AE36FCEA73F3}.Debug|Any CPU.ActiveCfg = Debug|Any CPU
		{2E0701C8-534C-4161-ADA1-AE36FCEA73F3}.Debug|Any CPU.Build.0 = Debug|Any CPU
		{2E0701C8-534C-4161-ADA1-AE36FCEA73F3}.Release|Any CPU.ActiveCfg = Release|Any CPU
		{2E0701C8-534C-4161-ADA1-AE36FCEA73F3}.Release|Any CPU.Build.0 = Release|Any CPU
		{C3639A7C-B30B-4302-8C30-9BADDF135E56}.Debug|Any CPU.ActiveCfg = Debug|Any CPU
		{C3639A7C-B30B-4302-8C30-9BADDF135E56}.Debug|Any CPU.Build.0 = Debug|Any CPU
		{C3639A7C-B30B-4302-8C30-9BADDF135E56}.Release|Any CPU.ActiveCfg = Release|Any CPU
		{C3639A7C-B30B-4302-8C30-9BADDF135E56}.Release|Any CPU.Build.0 = Release|Any CPU
		{B54086B3-232E-4A48-8E51-FB416518AC9C}.Debug|Any CPU.ActiveCfg = Debug|Any CPU
		{B54086B3-232E-4A48-8E51-FB416518AC9C}.Debug|Any CPU.Build.0 = Debug|Any CPU
		{B54086B3-232E-4A48-8E51-FB416518AC9C}.Release|Any CPU.ActiveCfg = Release|Any CPU
		{B54086B3-232E-4A48-8E51-FB416518AC9C}.Release|Any CPU.Build.0 = Release|Any CPU
		{5A1B2855-7959-4E42-BE77-09A0100CD20A}.Debug|Any CPU.ActiveCfg = Debug|Any CPU
		{5A1B2855-7959-4E42-BE77-09A0100CD20A}.Debug|Any CPU.Build.0 = Debug|Any CPU
		{5A1B2855-7959-4E42-BE77-09A0100CD20A}.Release|Any CPU.ActiveCfg = Release|Any CPU
		{5A1B2855-7959-4E42-BE77-09A0100CD20A}.Release|Any CPU.Build.0 = Release|Any CPU
	EndGlobalSection
	GlobalSection(SolutionProperties) = preSolution
		HideSolutionNode = FALSE
	EndGlobalSection
	GlobalSection(NestedProjects) = preSolution
		{DC7BCD56-F408-498C-8E2B-4B10CFAA9BBF} = {4FB793E6-5E89-46E1-A966-DA32DFDFBF11}
		{4EBCB595-D56D-40C9-87F1-7167A32BA479} = {4FB793E6-5E89-46E1-A966-DA32DFDFBF11}
		{F4C4F21A-8EAB-40F2-918F-C3D026C988C0} = {4FB793E6-5E89-46E1-A966-DA32DFDFBF11}
		{B3C00735-4C22-4501-ACFE-FA07B846372C} = {4FB793E6-5E89-46E1-A966-DA32DFDFBF11}
		{84B720FB-A135-42D1-BFED-1222848D88D1} = {4FB793E6-5E89-46E1-A966-DA32DFDFBF11}
		{85B77B36-B6EB-483E-BA9C-BB720C5040AA} = {4FB793E6-5E89-46E1-A966-DA32DFDFBF11}
		{66D175A8-3FB1-4891-917C-B9FA7ABFF80F} = {8C28E7DB-B99B-493E-8CD8-6525D280E187}
		{2E0701C8-534C-4161-ADA1-AE36FCEA73F3} = {8C28E7DB-B99B-493E-8CD8-6525D280E187}
		{B54086B3-232E-4A48-8E51-FB416518AC9C} = {4FB793E6-5E89-46E1-A966-DA32DFDFBF11}
	EndGlobalSection
	GlobalSection(ExtensibilityGlobals) = postSolution
		SolutionGuid = {195084AE-6B2F-490D-AB30-834665F7A953}
	EndGlobalSection
EndGlobal
