
Microsoft Visual Studio Solution File, Format Version 12.00
# Visual Studio Version 17
VisualStudioVersion = 17.1.32210.238
MinimumVisualStudioVersion = 10.0.40219.1
Project("{2150E333-8FDC-42A3-9474-1A3956D46DE8}") = "Tests", "Tests", "{4FB793E6-5E89-46E1-A966-DA32DFDFBF11}"
EndProject
Project("{FAE04EC0-301F-11D3-BF4B-00C04F79EFBC}") = "TextGenTest", "Tests\TextGenTest\TextGenTest.csproj", "{84B720FB-A135-42D1-BFED-1222848D88D1}"
EndProject
Project("{2150E333-8FDC-42A3-9474-1A3956D46DE8}") = "DataPrep", "DataPrep", "{1D8E7971-CD1C-421C-9571-5816F6D7EECC}"
EndProject
Project("{FAE04EC0-301F-11D3-BF4B-00C04F79EFBC}") = "Normalizers", "Tests\DataPrepaire\Normalizers\Normalizers.csproj", "{8489781C-E6D5-497B-85E4-2300740D6178}"
EndProject
Project("{2150E333-8FDC-42A3-9474-1A3956D46DE8}") = "Solution Items", "Solution Items", "{A1C84111-335C-468C-9BC8-2E01D8928223}"
	ProjectSection(SolutionItems) = preProject
		.editorconfig = .editorconfig
	EndProjectSection
EndProject
Project("{2150E333-8FDC-42A3-9474-1A3956D46DE8}") = "SRCLib", "SRCLib", "{7FCA39FE-2C02-4DCC-9BBE-7A53718683F9}"
EndProject
Project("{9A19103F-16F7-4668-BE54-9A1E7A4F7556}") = "AI.DataPrepaire", "src\AI.DataPrepaire\AI.DataPrepaire.csproj", "{1374BA17-A844-46F2-8D4D-95A1E0261D5E}"
EndProject
Project("{9A19103F-16F7-4668-BE54-9A1E7A4F7556}") = "AI.ONNX", "src\AI.ONNX\AI.ONNX.csproj", "{7E52FA14-7F3A-4D10-A817-27C1E26A3AB0}"
EndProject
Project("{FAE04EC0-301F-11D3-BF4B-00C04F79EFBC}") = "AIChartCV", "src\AIChartCV\AIChartCV.csproj", "{2ED3435F-F827-41E2-82B4-ED781A16B156}"
EndProject
Project("{9A19103F-16F7-4668-BE54-9A1E7A4F7556}") = "AICrossPlatform", "src\AICrossPlatform\AICrossPlatform.csproj", "{467AEF8D-96AA-48AD-B06C-988A980BFB41}"
EndProject
Project("{2150E333-8FDC-42A3-9474-1A3956D46DE8}") = "StatisticsTests", "StatisticsTests", "{87B2FBCB-90A7-4337-A0FF-CABA411E2E70}"
EndProject
Project("{FAE04EC0-301F-11D3-BF4B-00C04F79EFBC}") = "MCMCTest", "Tests\Statistics\MCMCTest\MCMCTest.csproj", "{E43514D2-9748-4D00-8C93-7A948258715E}"
EndProject
Project("{FAE04EC0-301F-11D3-BF4B-00C04F79EFBC}") = "DataFrameTestCSV", "Tests\DataPrepaire\Loaders\DataFrameTestCSV\DataFrameTestCSV.csproj", "{4C18CC29-C29E-49F6-8172-6C584F92E415}"
EndProject
Project("{2150E333-8FDC-42A3-9474-1A3956D46DE8}") = "Signals", "Signals", "{C5D90AF6-2E7C-4EF5-8448-E5F9471F6AC1}"
EndProject
Project("{FAE04EC0-301F-11D3-BF4B-00C04F79EFBC}") = "SpectrumAnalyzer", "Tests\Signals\SpectrumAnalyzer\SpectrumAnalyzer.csproj", "{66FDB7E6-1388-42B4-A46D-A7CF929B5C87}"
EndProject
Project("{FAE04EC0-301F-11D3-BF4B-00C04F79EFBC}") = "WorldModel", "Tests\WorldModel\WorldModel.csproj", "{F23CAEC8-A9BC-4F7D-BDA0-B1D5072FF068}"
EndProject
Project("{9A19103F-16F7-4668-BE54-9A1E7A4F7556}") = "RocsHeaps", "Tests\Statistics\RocsHeaps\RocsHeaps.csproj", "{88CD2482-C4DE-42BE-9974-166C82C36F17}"
EndProject
Project("{9A19103F-16F7-4668-BE54-9A1E7A4F7556}") = "AI.DSP", "src\AI.DSP\AI.DSP.csproj", "{5A59EABC-54F8-4F3A-890B-F187D320500A}"
EndProject
Global
	GlobalSection(SolutionConfigurationPlatforms) = preSolution
		Debug|Any CPU = Debug|Any CPU
		Release|Any CPU = Release|Any CPU
	EndGlobalSection
	GlobalSection(ProjectConfigurationPlatforms) = postSolution
		{84B720FB-A135-42D1-BFED-1222848D88D1}.Debug|Any CPU.ActiveCfg = Debug|Any CPU
		{84B720FB-A135-42D1-BFED-1222848D88D1}.Debug|Any CPU.Build.0 = Debug|Any CPU
		{84B720FB-A135-42D1-BFED-1222848D88D1}.Release|Any CPU.ActiveCfg = Release|Any CPU
		{84B720FB-A135-42D1-BFED-1222848D88D1}.Release|Any CPU.Build.0 = Release|Any CPU
		{8489781C-E6D5-497B-85E4-2300740D6178}.Debug|Any CPU.ActiveCfg = Debug|Any CPU
		{8489781C-E6D5-497B-85E4-2300740D6178}.Debug|Any CPU.Build.0 = Debug|Any CPU
		{8489781C-E6D5-497B-85E4-2300740D6178}.Release|Any CPU.ActiveCfg = Release|Any CPU
		{8489781C-E6D5-497B-85E4-2300740D6178}.Release|Any CPU.Build.0 = Release|Any CPU
		{1374BA17-A844-46F2-8D4D-95A1E0261D5E}.Debug|Any CPU.ActiveCfg = Debug|Any CPU
		{1374BA17-A844-46F2-8D4D-95A1E0261D5E}.Debug|Any CPU.Build.0 = Debug|Any CPU
		{1374BA17-A844-46F2-8D4D-95A1E0261D5E}.Release|Any CPU.ActiveCfg = Release|Any CPU
		{1374BA17-A844-46F2-8D4D-95A1E0261D5E}.Release|Any CPU.Build.0 = Release|Any CPU
		{7E52FA14-7F3A-4D10-A817-27C1E26A3AB0}.Debug|Any CPU.ActiveCfg = Debug|Any CPU
		{7E52FA14-7F3A-4D10-A817-27C1E26A3AB0}.Debug|Any CPU.Build.0 = Debug|Any CPU
		{7E52FA14-7F3A-4D10-A817-27C1E26A3AB0}.Release|Any CPU.ActiveCfg = Release|Any CPU
		{7E52FA14-7F3A-4D10-A817-27C1E26A3AB0}.Release|Any CPU.Build.0 = Release|Any CPU
		{2ED3435F-F827-41E2-82B4-ED781A16B156}.Debug|Any CPU.ActiveCfg = Debug|Any CPU
		{2ED3435F-F827-41E2-82B4-ED781A16B156}.Debug|Any CPU.Build.0 = Debug|Any CPU
		{2ED3435F-F827-41E2-82B4-ED781A16B156}.Release|Any CPU.ActiveCfg = Release|Any CPU
		{2ED3435F-F827-41E2-82B4-ED781A16B156}.Release|Any CPU.Build.0 = Release|Any CPU
		{467AEF8D-96AA-48AD-B06C-988A980BFB41}.Debug|Any CPU.ActiveCfg = Debug|Any CPU
		{467AEF8D-96AA-48AD-B06C-988A980BFB41}.Debug|Any CPU.Build.0 = Debug|Any CPU
		{467AEF8D-96AA-48AD-B06C-988A980BFB41}.Release|Any CPU.ActiveCfg = Release|Any CPU
		{467AEF8D-96AA-48AD-B06C-988A980BFB41}.Release|Any CPU.Build.0 = Release|Any CPU
		{E43514D2-9748-4D00-8C93-7A948258715E}.Debug|Any CPU.ActiveCfg = Debug|Any CPU
		{E43514D2-9748-4D00-8C93-7A948258715E}.Debug|Any CPU.Build.0 = Debug|Any CPU
		{E43514D2-9748-4D00-8C93-7A948258715E}.Release|Any CPU.ActiveCfg = Release|Any CPU
		{E43514D2-9748-4D00-8C93-7A948258715E}.Release|Any CPU.Build.0 = Release|Any CPU
		{4C18CC29-C29E-49F6-8172-6C584F92E415}.Debug|Any CPU.ActiveCfg = Debug|Any CPU
		{4C18CC29-C29E-49F6-8172-6C584F92E415}.Debug|Any CPU.Build.0 = Debug|Any CPU
		{4C18CC29-C29E-49F6-8172-6C584F92E415}.Release|Any CPU.ActiveCfg = Release|Any CPU
		{4C18CC29-C29E-49F6-8172-6C584F92E415}.Release|Any CPU.Build.0 = Release|Any CPU
		{66FDB7E6-1388-42B4-A46D-A7CF929B5C87}.Debug|Any CPU.ActiveCfg = Debug|Any CPU
		{66FDB7E6-1388-42B4-A46D-A7CF929B5C87}.Debug|Any CPU.Build.0 = Debug|Any CPU
		{66FDB7E6-1388-42B4-A46D-A7CF929B5C87}.Release|Any CPU.ActiveCfg = Release|Any CPU
		{66FDB7E6-1388-42B4-A46D-A7CF929B5C87}.Release|Any CPU.Build.0 = Release|Any CPU
		{F23CAEC8-A9BC-4F7D-BDA0-B1D5072FF068}.Debug|Any CPU.ActiveCfg = Debug|Any CPU
		{F23CAEC8-A9BC-4F7D-BDA0-B1D5072FF068}.Debug|Any CPU.Build.0 = Debug|Any CPU
		{F23CAEC8-A9BC-4F7D-BDA0-B1D5072FF068}.Release|Any CPU.ActiveCfg = Release|Any CPU
		{F23CAEC8-A9BC-4F7D-BDA0-B1D5072FF068}.Release|Any CPU.Build.0 = Release|Any CPU
		{88CD2482-C4DE-42BE-9974-166C82C36F17}.Debug|Any CPU.ActiveCfg = Release|Any CPU
		{88CD2482-C4DE-42BE-9974-166C82C36F17}.Debug|Any CPU.Build.0 = Release|Any CPU
		{88CD2482-C4DE-42BE-9974-166C82C36F17}.Release|Any CPU.ActiveCfg = Release|Any CPU
		{88CD2482-C4DE-42BE-9974-166C82C36F17}.Release|Any CPU.Build.0 = Release|Any CPU
		{5A59EABC-54F8-4F3A-890B-F187D320500A}.Debug|Any CPU.ActiveCfg = Debug|Any CPU
		{5A59EABC-54F8-4F3A-890B-F187D320500A}.Debug|Any CPU.Build.0 = Debug|Any CPU
		{5A59EABC-54F8-4F3A-890B-F187D320500A}.Release|Any CPU.ActiveCfg = Release|Any CPU
		{5A59EABC-54F8-4F3A-890B-F187D320500A}.Release|Any CPU.Build.0 = Release|Any CPU
	EndGlobalSection
	GlobalSection(SolutionProperties) = preSolution
		HideSolutionNode = FALSE
	EndGlobalSection
	GlobalSection(NestedProjects) = preSolution
		{84B720FB-A135-42D1-BFED-1222848D88D1} = {4FB793E6-5E89-46E1-A966-DA32DFDFBF11}
		{1D8E7971-CD1C-421C-9571-5816F6D7EECC} = {4FB793E6-5E89-46E1-A966-DA32DFDFBF11}
		{8489781C-E6D5-497B-85E4-2300740D6178} = {1D8E7971-CD1C-421C-9571-5816F6D7EECC}
		{1374BA17-A844-46F2-8D4D-95A1E0261D5E} = {7FCA39FE-2C02-4DCC-9BBE-7A53718683F9}
		{7E52FA14-7F3A-4D10-A817-27C1E26A3AB0} = {7FCA39FE-2C02-4DCC-9BBE-7A53718683F9}
		{2ED3435F-F827-41E2-82B4-ED781A16B156} = {7FCA39FE-2C02-4DCC-9BBE-7A53718683F9}
		{467AEF8D-96AA-48AD-B06C-988A980BFB41} = {7FCA39FE-2C02-4DCC-9BBE-7A53718683F9}
		{87B2FBCB-90A7-4337-A0FF-CABA411E2E70} = {4FB793E6-5E89-46E1-A966-DA32DFDFBF11}
		{E43514D2-9748-4D00-8C93-7A948258715E} = {87B2FBCB-90A7-4337-A0FF-CABA411E2E70}
		{4C18CC29-C29E-49F6-8172-6C584F92E415} = {1D8E7971-CD1C-421C-9571-5816F6D7EECC}
		{C5D90AF6-2E7C-4EF5-8448-E5F9471F6AC1} = {4FB793E6-5E89-46E1-A966-DA32DFDFBF11}
		{66FDB7E6-1388-42B4-A46D-A7CF929B5C87} = {C5D90AF6-2E7C-4EF5-8448-E5F9471F6AC1}
		{F23CAEC8-A9BC-4F7D-BDA0-B1D5072FF068} = {4FB793E6-5E89-46E1-A966-DA32DFDFBF11}
		{88CD2482-C4DE-42BE-9974-166C82C36F17} = {4FB793E6-5E89-46E1-A966-DA32DFDFBF11}
		{5A59EABC-54F8-4F3A-890B-F187D320500A} = {7FCA39FE-2C02-4DCC-9BBE-7A53718683F9}
	EndGlobalSection
	GlobalSection(ExtensibilityGlobals) = postSolution
		SolutionGuid = {195084AE-6B2F-490D-AB30-834665F7A953}
	EndGlobalSection
EndGlobal
